
Microsoft Visual Studio Solution File, Format Version 12.00
# Visual Studio Version 17
VisualStudioVersion = 17.0.31903.59
MinimumVisualStudioVersion = 10.0.40219.1
Project("{FAE04EC0-301F-11D3-BF4B-00C04F79EFBC}") = "PortableMirrorMod", "PortableMirror_Combined\PortableMirrorMod.csproj", "{48B414C6-F8B9-4D12-9BF3-21B700BF974B}"
EndProject
Project("{2150E333-8FDC-42A3-9474-1A3956D46DE8}") = "Solution Items", "Solution Items", "{BAFF2BD1-9B17-4E63-93FA-C9F8E46DA092}"
	ProjectSection(SolutionItems) = preProject
		Directory.Build.props = Directory.Build.props
	EndProjectSection
EndProject
Global
	GlobalSection(SolutionConfigurationPlatforms) = preSolution
		Debug|Any CPU = Debug|Any CPU
		Release|Any CPU = Release|Any CPU
	EndGlobalSection
	GlobalSection(ProjectConfigurationPlatforms) = postSolution
		{48B414C6-F8B9-4D12-9BF3-21B700BF974B}.Debug|Any CPU.ActiveCfg = Debug|Any CPU
		{48B414C6-F8B9-4D12-9BF3-21B700BF974B}.Debug|Any CPU.Build.0 = Debug|Any CPU
		{48B414C6-F8B9-4D12-9BF3-21B700BF974B}.Release|Any CPU.ActiveCfg = Release|Any CPU
		{48B414C6-F8B9-4D12-9BF3-21B700BF974B}.Release|Any CPU.Build.0 = Release|Any CPU
	EndGlobalSection
	GlobalSection(SolutionProperties) = preSolution
		HideSolutionNode = FALSE
	EndGlobalSection
	GlobalSection(ExtensibilityGlobals) = postSolution
		SolutionGuid = {D8B3712C-052F-4E2B-A1F4-193299EFD37D}
	EndGlobalSection
EndGlobal
